{
  "version": 4,
  "terraform_version": "0.12.26",
  "serial": 479,
  "lineage": "126a08b6-8384-ed9b-53d4-0f60af258768",
  "outputs": {
    "PublicIP": {
      "value": "The Public IP of Webserver is 13.127.119.219 ",
      "type": "string"
    }
  },
  "resources": [
    {
      "mode": "managed",
      "type": "aws_instance",
      "name": "SQLserver",
      "provider": "provider.aws",
      "instances": [
        {
          "schema_version": 1,
          "attributes": {
            "ami": "ami-0d39db4976f3fce89",
            "arn": "arn:aws:ec2:ap-south-1:949472447553:instance/i-01120c9ccaf3e00d6",
            "associate_public_ip_address": false,
            "availability_zone": "ap-south-1b",
            "cpu_core_count": 1,
            "cpu_threads_per_core": 1,
            "credit_specification": [
              {
                "cpu_credits": "standard"
              }
            ],
            "disable_api_termination": false,
            "ebs_block_device": [],
            "ebs_optimized": false,
            "ephemeral_block_device": [],
            "get_password_data": false,
            "hibernation": false,
            "host_id": null,
            "iam_instance_profile": "",
            "id": "i-01120c9ccaf3e00d6",
            "instance_initiated_shutdown_behavior": null,
            "instance_state": "running",
            "instance_type": "t2.micro",
            "ipv6_address_count": 0,
            "ipv6_addresses": [],
            "key_name": "ec2_key",
            "metadata_options": [
              {
                "http_endpoint": "enabled",
                "http_put_response_hop_limit": 1,
                "http_tokens": "optional"
              }
            ],
            "monitoring": false,
            "network_interface": [],
            "network_interface_id": null,
            "outpost_arn": "",
            "password_data": "",
            "placement_group": "",
            "primary_network_interface_id": "eni-0643a2b95079cb3bc",
            "private_dns": "ip-192-168-1-180.ap-south-1.compute.internal",
            "private_ip": "192.168.1.180",
            "public_dns": "",
            "public_ip": "",
            "root_block_device": [
              {
                "delete_on_termination": true,
                "device_name": "/dev/xvda",
                "encrypted": false,
                "iops": 100,
                "kms_key_id": "",
                "volume_id": "vol-0f942e036bb4f73bd",
                "volume_size": 8,
                "volume_type": "gp2"
              }
            ],
            "security_groups": [
              "sg-0a5a012a349bc7316"
            ],
            "source_dest_check": true,
            "subnet_id": "subnet-018ec6a07ec63eaee",
            "tags": {
              "Name": "SQLserver"
            },
            "tenancy": "default",
            "timeouts": null,
            "user_data": null,
            "user_data_base64": null,
            "volume_tags": {},
            "vpc_security_group_ids": [
              "sg-0a5a012a349bc7316"
            ]
          },
          "private": "eyJlMmJmYjczMC1lY2FhLTExZTYtOGY4OC0zNDM2M2JjN2M0YzAiOnsiY3JlYXRlIjo2MDAwMDAwMDAwMDAsImRlbGV0ZSI6MTIwMDAwMDAwMDAwMCwidXBkYXRlIjo2MDAwMDAwMDAwMDB9LCJzY2hlbWFfdmVyc2lvbiI6IjEifQ==",
          "dependencies": [
            "aws_key_pair.generated_key",
            "aws_security_group.AllowSQLandSSH",
            "aws_subnet.private_subnet",
            "aws_vpc.main_vpc",
            "tls_private_key.createkey"
          ]
        }
      ]
    },
    {
      "mode": "managed",
      "type": "aws_instance",
      "name": "webserver",
      "provider": "provider.aws",
      "instances": [
        {
          "schema_version": 1,
          "attributes": {
            "ami": "ami-005956c5f0f757d37",
            "arn": "arn:aws:ec2:ap-south-1:949472447553:instance/i-03f9524c05e515fcb",
            "associate_public_ip_address": true,
            "availability_zone": "ap-south-1a",
            "cpu_core_count": 1,
            "cpu_threads_per_core": 1,
            "credit_specification": [
              {
                "cpu_credits": "standard"
              }
            ],
            "disable_api_termination": false,
            "ebs_block_device": [],
            "ebs_optimized": false,
            "ephemeral_block_device": [],
            "get_password_data": false,
            "hibernation": false,
            "host_id": null,
            "iam_instance_profile": "",
            "id": "i-03f9524c05e515fcb",
            "instance_initiated_shutdown_behavior": null,
            "instance_state": "running",
            "instance_type": "t2.micro",
            "ipv6_address_count": 0,
            "ipv6_addresses": [],
            "key_name": "ec2_key",
            "metadata_options": [
              {
                "http_endpoint": "enabled",
                "http_put_response_hop_limit": 1,
                "http_tokens": "optional"
              }
            ],
            "monitoring": false,
            "network_interface": [],
            "network_interface_id": null,
            "outpost_arn": "",
            "password_data": "",
            "placement_group": "",
            "primary_network_interface_id": "eni-04c971840d3a39743",
            "private_dns": "ip-192-168-0-236.ap-south-1.compute.internal",
            "private_ip": "192.168.0.236",
            "public_dns": "",
            "public_ip": "13.127.119.219",
            "root_block_device": [
              {
                "delete_on_termination": true,
                "device_name": "/dev/xvda",
                "encrypted": false,
                "iops": 100,
                "kms_key_id": "",
                "volume_id": "vol-0667dd0b58319de3b",
                "volume_size": 8,
                "volume_type": "gp2"
              }
            ],
            "security_groups": [
              "sg-08e6a8559af1f4f1c"
            ],
            "source_dest_check": true,
            "subnet_id": "subnet-07631e5f5d8a6ff94",
            "tags": {
              "Name": "Webserver"
            },
            "tenancy": "default",
            "timeouts": null,
            "user_data": null,
            "user_data_base64": null,
            "volume_tags": {},
            "vpc_security_group_ids": [
              "sg-08e6a8559af1f4f1c"
            ]
          },
          "private": "eyJlMmJmYjczMC1lY2FhLTExZTYtOGY4OC0zNDM2M2JjN2M0YzAiOnsiY3JlYXRlIjo2MDAwMDAwMDAwMDAsImRlbGV0ZSI6MTIwMDAwMDAwMDAwMCwidXBkYXRlIjo2MDAwMDAwMDAwMDB9LCJzY2hlbWFfdmVyc2lvbiI6IjEifQ==",
          "dependencies": [
            "aws_instance.SQLserver",
            "aws_key_pair.generated_key",
            "aws_security_group.AllowSQLandSSH",
            "aws_security_group.AllowWebServicesAndSSH",
            "aws_subnet.private_subnet",
            "aws_subnet.public_subnet",
            "aws_vpc.main_vpc",
            "tls_private_key.createkey"
          ]
        }
      ]
    },
    {
      "mode": "managed",
      "type": "aws_internet_gateway",
      "name": "myigw",
      "provider": "provider.aws",
      "instances": [
        {
          "schema_version": 0,
          "attributes": {
            "arn": "arn:aws:ec2:ap-south-1:949472447553:internet-gateway/igw-0b8ad4bf7b2178561",
            "id": "igw-0b8ad4bf7b2178561",
            "owner_id": "949472447553",
            "tags": {
              "Name": "myigw"
            },
            "vpc_id": "vpc-03dfb0aa4d1d91ffe"
          },
          "private": "bnVsbA==",
          "dependencies": [
            "aws_vpc.main_vpc"
          ]
        }
      ]
    },
    {
      "mode": "managed",
      "type": "aws_key_pair",
      "name": "generated_key",
      "provider": "provider.aws",
      "instances": [
        {
          "schema_version": 1,
          "attributes": {
            "arn": "arn:aws:ec2:ap-south-1:949472447553:key-pair/ec2_key",
            "fingerprint": "82:78:f2:72:b1:07:49:60:19:d5:fc:b3:e5:91:4d:9e",
            "id": "ec2_key",
            "key_name": "ec2_key",
            "key_name_prefix": null,
            "key_pair_id": "key-0af941acc315582be",
            "public_key": "ssh-rsa AAAAB3NzaC1yc2EAAAADAQABAAACAQDesp9ZvNvxdLhj7FBeg4PvrvoM4zqcjcR+OoperbrveTZOzAsT31UUgpxPzsmgLcF0UmcEFCkHFhLjampuO2bjxv216+ryFq567U08K2EzHK5+5+bPsnMCzWbjygiQ+wD0Rq0QcDsitTVtcXM+vENjngrquJS1h9ZaiJcf5Ozx7UOu4gdncq2fjxjIy1R+fdfFVyDfVFEjyn/KIWBvymRJGIoo9eQ6iS0Pxa8HOweUiGvsFZcqSgdkq0eKvZdKrT4v6334p1sUH9sJS377mQeMKOay12eJY4/lhpYKAWIrj/BD//YK4ziK94SkBc05sebYrV027Z84T2t/dT4insEVfT3aERVZjEprKyDGGJVjQb+K6zthXTWt16xOMFCYSCce6ipSqzqO5qcoVSm9Is9jnZjJ4/WA2WgKxGarKB+nVDUSE9MprreBWEBOYD/pC+qdC9i7qTJNIDHQoAn1EJmfp/0X7eAVWDX8dZmj118uzfJOrzeEBdWsWtfIpE4NifI7su4egVcJhR/cf8YxiWQMZG4X8iLAP/rp+j9qQld0wqhpKJSEJe3TNctLe25o7fUrwchHj6JRvTuqNe3/V+FZ+CcRuNj4JLZADe3FPJdbRwMQcYU+VuxtRaGZFVrYpvk6ODjTWia+JqK9XS2tx2j34EiJkub52QP1fFk4YKEQWQ==",
            "tags": null
          },
          "private": "eyJzY2hlbWFfdmVyc2lvbiI6IjEifQ==",
          "dependencies": [
            "tls_private_key.createkey"
          ]
        }
      ]
    },
    {
      "mode": "managed",
      "type": "aws_route_table",
      "name": "igw_route",
      "provider": "provider.aws",
      "instances": [
        {
          "schema_version": 0,
          "attributes": {
            "id": "rtb-0a6f0eceaedf544d5",
            "owner_id": "949472447553",
            "propagating_vgws": [],
            "route": [
              {
                "cidr_block": "0.0.0.0/0",
                "egress_only_gateway_id": "",
                "gateway_id": "igw-0b8ad4bf7b2178561",
                "instance_id": "",
                "ipv6_cidr_block": "",
                "nat_gateway_id": "",
                "network_interface_id": "",
                "transit_gateway_id": "",
                "vpc_peering_connection_id": ""
              }
            ],
            "tags": {
              "Name": "igw_route"
            },
            "vpc_id": "vpc-03dfb0aa4d1d91ffe"
          },
          "private": "bnVsbA==",
          "dependencies": [
            "aws_internet_gateway.myigw",
            "aws_vpc.main_vpc"
          ]
        }
      ]
    },
    {
      "mode": "managed",
      "type": "aws_route_table_association",
      "name": "a",
      "provider": "provider.aws",
      "instances": [
        {
          "schema_version": 0,
          "attributes": {
            "gateway_id": null,
            "id": "rtbassoc-088d12834a2df4876",
            "route_table_id": "rtb-0a6f0eceaedf544d5",
            "subnet_id": "subnet-07631e5f5d8a6ff94"
          },
          "private": "bnVsbA==",
          "dependencies": [
            "aws_internet_gateway.myigw",
            "aws_route_table.igw_route",
            "aws_subnet.public_subnet",
            "aws_vpc.main_vpc"
          ]
        }
      ]
    },
    {
      "mode": "managed",
      "type": "aws_security_group",
      "name": "AllowSQLandSSH",
      "provider": "provider.aws",
      "instances": [
        {
          "schema_version": 1,
          "attributes": {
            "arn": "arn:aws:ec2:ap-south-1:949472447553:security-group/sg-0a5a012a349bc7316",
            "description": "AllowSQLandSSH",
            "egress": [
              {
                "cidr_blocks": [
                  "0.0.0.0/0"
                ],
                "description": "",
                "from_port": 0,
                "ipv6_cidr_blocks": [],
                "prefix_list_ids": [],
                "protocol": "-1",
                "security_groups": [],
                "self": false,
                "to_port": 0
              }
            ],
            "id": "sg-0a5a012a349bc7316",
            "ingress": [
              {
                "cidr_blocks": [
                  "192.168.0.0/16"
                ],
                "description": "Allow SQL",
                "from_port": 3306,
                "ipv6_cidr_blocks": [],
                "prefix_list_ids": [],
                "protocol": "tcp",
                "security_groups": [],
                "self": false,
                "to_port": 3306
              },
              {
                "cidr_blocks": [
                  "192.168.0.0/16"
                ],
                "description": "Allow SSH",
                "from_port": 22,
                "ipv6_cidr_blocks": [],
                "prefix_list_ids": [],
                "protocol": "tcp",
                "security_groups": [],
                "self": false,
                "to_port": 22
              }
            ],
            "name": "AllowSQLandSSH",
            "name_prefix": null,
            "owner_id": "949472447553",
            "revoke_rules_on_delete": false,
            "tags": {
              "Name": "AllowSQLandSSH"
            },
            "timeouts": null,
            "vpc_id": "vpc-03dfb0aa4d1d91ffe"
          },
          "private": "eyJlMmJmYjczMC1lY2FhLTExZTYtOGY4OC0zNDM2M2JjN2M0YzAiOnsiY3JlYXRlIjo2MDAwMDAwMDAwMDAsImRlbGV0ZSI6NjAwMDAwMDAwMDAwfSwic2NoZW1hX3ZlcnNpb24iOiIxIn0=",
          "dependencies": [
            "aws_vpc.main_vpc"
          ]
        }
      ]
    },
    {
      "mode": "managed",
      "type": "aws_security_group",
      "name": "AllowWebServicesAndSSH",
      "provider": "provider.aws",
      "instances": [
        {
          "schema_version": 1,
          "attributes": {
            "arn": "arn:aws:ec2:ap-south-1:949472447553:security-group/sg-08e6a8559af1f4f1c",
            "description": "Allow webservices and ssh inbound traffic",
            "egress": [
              {
                "cidr_blocks": [
                  "0.0.0.0/0"
                ],
                "description": "",
                "from_port": 0,
                "ipv6_cidr_blocks": [],
                "prefix_list_ids": [],
                "protocol": "-1",
                "security_groups": [],
                "self": false,
                "to_port": 0
              }
            ],
            "id": "sg-08e6a8559af1f4f1c",
            "ingress": [
              {
                "cidr_blocks": [
                  "0.0.0.0/0"
                ],
                "description": "Allow HTTP",
                "from_port": 80,
                "ipv6_cidr_blocks": [],
                "prefix_list_ids": [],
                "protocol": "tcp",
                "security_groups": [],
                "self": false,
                "to_port": 80
              },
              {
                "cidr_blocks": [
                  "0.0.0.0/0"
                ],
                "description": "Allow SSH",
                "from_port": 22,
                "ipv6_cidr_blocks": [],
                "prefix_list_ids": [],
                "protocol": "tcp",
                "security_groups": [],
                "self": false,
                "to_port": 22
              }
            ],
            "name": "AllowWebServicesAndSSH",
            "name_prefix": null,
            "owner_id": "949472447553",
            "revoke_rules_on_delete": false,
            "tags": {
              "Name": "AllowWebServicesAndSSH"
            },
            "timeouts": null,
            "vpc_id": "vpc-03dfb0aa4d1d91ffe"
          },
          "private": "eyJlMmJmYjczMC1lY2FhLTExZTYtOGY4OC0zNDM2M2JjN2M0YzAiOnsiY3JlYXRlIjo2MDAwMDAwMDAwMDAsImRlbGV0ZSI6NjAwMDAwMDAwMDAwfSwic2NoZW1hX3ZlcnNpb24iOiIxIn0=",
          "dependencies": [
            "aws_vpc.main_vpc"
          ]
        }
      ]
    },
    {
      "mode": "managed",
      "type": "aws_subnet",
      "name": "private_subnet",
      "provider": "provider.aws",
      "instances": [
        {
          "schema_version": 1,
          "attributes": {
            "arn": "arn:aws:ec2:ap-south-1:949472447553:subnet/subnet-018ec6a07ec63eaee",
            "assign_ipv6_address_on_creation": false,
            "availability_zone": "ap-south-1b",
            "availability_zone_id": "aps1-az3",
            "cidr_block": "192.168.1.0/24",
            "id": "subnet-018ec6a07ec63eaee",
            "ipv6_cidr_block": "",
            "ipv6_cidr_block_association_id": "",
            "map_public_ip_on_launch": false,
            "outpost_arn": "",
            "owner_id": "949472447553",
            "tags": {
              "Name": "private_subnet"
            },
            "timeouts": null,
            "vpc_id": "vpc-03dfb0aa4d1d91ffe"
          },
          "private": "eyJlMmJmYjczMC1lY2FhLTExZTYtOGY4OC0zNDM2M2JjN2M0YzAiOnsiY3JlYXRlIjo2MDAwMDAwMDAwMDAsImRlbGV0ZSI6MTIwMDAwMDAwMDAwMH0sInNjaGVtYV92ZXJzaW9uIjoiMSJ9",
          "dependencies": [
            "aws_vpc.main_vpc"
          ]
        }
      ]
    },
    {
      "mode": "managed",
      "type": "aws_subnet",
      "name": "public_subnet",
      "provider": "provider.aws",
      "instances": [
        {
          "schema_version": 1,
          "attributes": {
            "arn": "arn:aws:ec2:ap-south-1:949472447553:subnet/subnet-07631e5f5d8a6ff94",
            "assign_ipv6_address_on_creation": false,
            "availability_zone": "ap-south-1a",
            "availability_zone_id": "aps1-az1",
            "cidr_block": "192.168.0.0/24",
            "id": "subnet-07631e5f5d8a6ff94",
            "ipv6_cidr_block": "",
            "ipv6_cidr_block_association_id": "",
            "map_public_ip_on_launch": false,
            "outpost_arn": "",
            "owner_id": "949472447553",
            "tags": {
              "Name": "public_subnet"
            },
            "timeouts": null,
            "vpc_id": "vpc-03dfb0aa4d1d91ffe"
          },
          "private": "eyJlMmJmYjczMC1lY2FhLTExZTYtOGY4OC0zNDM2M2JjN2M0YzAiOnsiY3JlYXRlIjo2MDAwMDAwMDAwMDAsImRlbGV0ZSI6MTIwMDAwMDAwMDAwMH0sInNjaGVtYV92ZXJzaW9uIjoiMSJ9",
          "dependencies": [
            "aws_vpc.main_vpc"
          ]
        }
      ]
    },
    {
      "mode": "managed",
      "type": "aws_vpc",
      "name": "main_vpc",
      "provider": "provider.aws",
      "instances": [
        {
          "schema_version": 1,
          "attributes": {
            "arn": "arn:aws:ec2:ap-south-1:949472447553:vpc/vpc-03dfb0aa4d1d91ffe",
            "assign_generated_ipv6_cidr_block": false,
            "cidr_block": "192.168.0.0/16",
            "default_network_acl_id": "acl-09fbfb5b87863ffa4",
            "default_route_table_id": "rtb-0e0f386bf313f0d54",
            "default_security_group_id": "sg-0f25e98d21383439e",
            "dhcp_options_id": "dopt-9315eff8",
            "enable_classiclink": null,
            "enable_classiclink_dns_support": null,
            "enable_dns_hostnames": false,
            "enable_dns_support": true,
            "id": "vpc-03dfb0aa4d1d91ffe",
            "instance_tenancy": "default",
            "ipv6_association_id": "",
            "ipv6_cidr_block": "",
            "main_route_table_id": "rtb-0e0f386bf313f0d54",
            "owner_id": "949472447553",
            "tags": {
              "Name": "main_vpc"
            }
          },
          "private": "eyJzY2hlbWFfdmVyc2lvbiI6IjEifQ=="
        }
      ]
    },
    {
      "mode": "managed",
      "type": "tls_private_key",
      "name": "createkey",
      "provider": "provider.tls",
      "instances": [
        {
          "schema_version": 0,
          "attributes": {
            "algorithm": "RSA",
            "ecdsa_curve": "P224",
            "id": "51925a48a0b6b6f0ea21e9987d4f65ad407f24ab",
            "private_key_pem": "-----BEGIN RSA PRIVATE KEY-----\nMIIJKQIBAAKCAgEA3rKfWbzb8XS4Y+xQXoOD7676DOM6nI3EfjqKXq2673k2TswL\nE99VFIKcT87JoC3BdFJnBBQpBxYS42pqbjtm48b9tevq8haueu1NPCthMxyufufm\nz7JzAs1m48oIkPsA9EatEHA7IrU1bXFzPrxDY54K6riUtYfWWoiXH+Ts8e1DruIH\nZ3Ktn48YyMtUfn3XxVcg31RRI8p/yiFgb8pkSRiKKPXkOoktD8WvBzsHlIhr7BWX\nKkoHZKtHir2XSq0+L+t9+KdbFB/bCUt++5kHjCjmstdniWOP5YaWCgFiK4/wQ//2\nCuM4iveEpAXNObHm2K1dNu2fOE9rf3U+Ip7BFX092hEVWYxKaysgxhiVY0G/ius7\nYV01rdesTjBQmEgnHuoqUqs6juanKFUpvSLPY52YyeP1gNloCsRmqygfp1Q1EhPT\nKa63gVhATmA/6QvqnQvYu6kyTSAx0KAJ9RCZn6f9F+3gFVg1/HWZo9dfLs3yTq83\nhAXVrFrXyKRODYnyO7LuHoFXCYUf3H/GMYlkDGRuF/IiwD/66fo/akJXdMKoaSiU\nhCXt0zXLS3tuaO31K8HIR4+iUb07qjXt/1fhWfgnEbjY+CS2QA3txTyXW0cDEHGF\nPlbsbUWhmRVa2Kb5Ojg401omviaivV0trcdo9+BIiZLm+dkD9XxZOGChEFkCAwEA\nAQKCAgA0V++0e/uGaVTdx7GsRWVBdPM5DD++hGPm94OGdXc2ylrFcpg394pb48cx\nyv0BNT//Q08LWmG6VKnj4iNZ/YRVjXQcynLSrBoesqAwwFF8XgV1trQ9pUf7JKRG\nbjpNOXIj+Gi9MGP16HnCW6Qm3sFILOGMAg6SDHeJmAlNadV3l7kM5fuviPjeRBgj\nOgeGI7YPoEcNtxfLPdGDhQzRudSQicAPmJwoVg3NYz2ciXdiph4Xw4tgWT4bn1aV\nebKRzt6LDOLzCwMRW9tz99bE9Fcdzo9LAe5IEKrF3Dhv6ZtVeeOTWBpQvM+RelQm\n6WYvZW1JCJacToXaCnDN6JTONlpTbjTXIFpweXQ82iU7HH/qv8ASKLMz73Pb/1JV\nKgnMrMQh/6IdA0gvw1rlXoF/z8jzwchPNMWM/Aa3yLtdvwjmigESjl/nEuvEN+Ke\n1mcM91McfipRvGD/4Mts8Yq3MGaeN12bLuqbJyCYH9SnAHnHbYm8WcxDvZ/pz0RH\n5E83ipxoHWY7GLRxevgVwHY1J339SmVOkBrd1M0HNw2kDZWymZyZka9asu6S1Yp4\n84GY1WQj11iMlAfvmfS14+Ygx8P0xuyWw4nIM/1mQMbm+wVB/Xf8/Y0aIQ128QIy\nIs2BQevU0uZOa9r7jK0szOVDteY/3nLrvaw40qciDen6rk4mAQKCAQEA//NBALXo\nkqqIOkNCgSDxx6TO2x2DU4anD0n1utZZRC9BhLrXJ466KRD86mzxYA3NeMFBLKrM\nykk0Rr9AWfjtmiIMdh7n7bp2LxxJombjDTLlEA+mTc+rzTMa5tkpGHKvif971Oew\nd9WYQmtT76hwjXtx7rcOyDlgKGIGwRv7Pj9j+bJieU5MvLzxZiqXAvEalH4d10af\nMGvB4ECXhhwcUnK1NQiCk+U2cPoeJdS9SUdb+9fohYxPUJXMSWIATUGfZNZ82UeH\nw2IsZciTH7ii0LpAcsVCDXp9hCA27+sINPsilyE4aRj3PybtBqyYE1T7T4mNbisz\nkkpePpdzQQEVyQKCAQEA3r22bTbPgY5/c+v8JpgnS4Yx6Zqy+8sns7zgy6XgPoU2\nvoMECImLjs9Cug/8VWPc1EWJKdFa42JQe9+MZwCsyD19rmpPqrz5jN/VytiAiabW\nNYGwiL4668TYvYRpZlb079vuL9/2f0JKRGKl+R4dhgur1UxyruRNAinbAXUD+RHK\nuw5BqpOA5b4tojeYs7vKHpoj5R+SAmp2JK8RCVCuZ1C0tgqBCKwuWZG3o3fUE+Cl\nPKi2DBJcAMB1vuCb9d8BUyR60ADsh0J9YmR8M6raL8lnM/ZvUksMTLAQXSZbY+Gp\nTL+RmVkrwR1knKs4fAGLFDCOcqTug1oegMOwHMCuEQKCAQEAjURpwEam0yyke+Pb\ntQHF8PcZ5P5pGZTcaCfeJP1hz6x1cRje38p7HWdu8MSohOeZXOjtXAX5ejzlSZcN\noZsvKT9ZuWhdgmzEBkSKr8Qx1XsdyruYgqH4pQ1r77Y0ZHYIRRZp9pzaXYnau+4Z\nKdHCLZTQ0Xzf/8sLM77HE5aqGTVLrOm0SFfbKuDuLAGdz9XbYdIqDkPAYS1YmLmN\n6Etjpm4BbgAAcji0z659LUw6HVPxhRMqF2vV6xiC5I3etMVfgHyR9Cry1/g7oQIP\nkhaKZsImCDKvvli5Jk/RgqIqqXNjKB8Bz6Aj9ws5D9H7LdBd1QyKrx/RGxFI6ysU\nRfCfYQKCAQEAyyhf/ocShslw6EtiRdVbaeAxIC+QdmZahO6OXlCiEoQwZV1cTWke\n2Bekdc5kyYF3BkmSDIk+C809OW6xQbV04oJrYqzmkwUf2+TAu+3ydxqroEv0txRC\n6440Xc8qz0QazbdcLWBqFLJiyLLtTSWxqfR1OuwqYegrcQC6Fz8ia4dV0Hz1Wd6F\nn4ZxWta4uZ5bgMP4X2AHLZrqvRTMRiHHoMYUvUEhZcad0+Y7h6ag0ayBKa17tdD9\nB1aDTqDQv1YygCHyvktJcSks8ZRTUFDSBun87oEkEfwPcNbZZgy5KIXHhA/qfeK+\nLLphbSAiOcCymKydEGXsgfOthKZ3uBHp8QKCAQB5N9p4rmb9tuN51ScwPhs/jXPO\nXVBcuSbV+okjkamci7c2V3UALwk5WbEfg+9H1Z3b2dlsePIi1Mmu3/FcBw9RrcuM\nL0LvYIVDPzCVERBPrtptNwmmoPfBEJ/e9tW/6dNyL/Ile3dMzl9kwKMgL7OO+Q7S\nPvjSQPYs8k6gR6IN8AS2DwURD42XC7+3Y63dJW7WpVETwPs0Xh5mFrXWmUpVmqmS\nqcoPnEsLpPBe+pihfYYzbdHGzGoOa4RS1O9vuqsk2n9qkHsDXiAd+2wvC7eiNII8\n6V4R87OFiG1oupCgc2jURU3V1lbDhlUe9dzNMXW4Dkoyvn3Q+D0wKbRWtBV1\n-----END RSA PRIVATE KEY-----\n",
            "public_key_fingerprint_md5": "97:e1:6c:4c:d6:0b:7d:f3:2f:70:62:d9:50:4d:cf:90",
            "public_key_openssh": "ssh-rsa AAAAB3NzaC1yc2EAAAADAQABAAACAQDesp9ZvNvxdLhj7FBeg4PvrvoM4zqcjcR+OoperbrveTZOzAsT31UUgpxPzsmgLcF0UmcEFCkHFhLjampuO2bjxv216+ryFq567U08K2EzHK5+5+bPsnMCzWbjygiQ+wD0Rq0QcDsitTVtcXM+vENjngrquJS1h9ZaiJcf5Ozx7UOu4gdncq2fjxjIy1R+fdfFVyDfVFEjyn/KIWBvymRJGIoo9eQ6iS0Pxa8HOweUiGvsFZcqSgdkq0eKvZdKrT4v6334p1sUH9sJS377mQeMKOay12eJY4/lhpYKAWIrj/BD//YK4ziK94SkBc05sebYrV027Z84T2t/dT4insEVfT3aERVZjEprKyDGGJVjQb+K6zthXTWt16xOMFCYSCce6ipSqzqO5qcoVSm9Is9jnZjJ4/WA2WgKxGarKB+nVDUSE9MprreBWEBOYD/pC+qdC9i7qTJNIDHQoAn1EJmfp/0X7eAVWDX8dZmj118uzfJOrzeEBdWsWtfIpE4NifI7su4egVcJhR/cf8YxiWQMZG4X8iLAP/rp+j9qQld0wqhpKJSEJe3TNctLe25o7fUrwchHj6JRvTuqNe3/V+FZ+CcRuNj4JLZADe3FPJdbRwMQcYU+VuxtRaGZFVrYpvk6ODjTWia+JqK9XS2tx2j34EiJkub52QP1fFk4YKEQWQ==\n",
            "public_key_pem": "-----BEGIN PUBLIC KEY-----\nMIICIjANBgkqhkiG9w0BAQEFAAOCAg8AMIICCgKCAgEA3rKfWbzb8XS4Y+xQXoOD\n7676DOM6nI3EfjqKXq2673k2TswLE99VFIKcT87JoC3BdFJnBBQpBxYS42pqbjtm\n48b9tevq8haueu1NPCthMxyufufmz7JzAs1m48oIkPsA9EatEHA7IrU1bXFzPrxD\nY54K6riUtYfWWoiXH+Ts8e1DruIHZ3Ktn48YyMtUfn3XxVcg31RRI8p/yiFgb8pk\nSRiKKPXkOoktD8WvBzsHlIhr7BWXKkoHZKtHir2XSq0+L+t9+KdbFB/bCUt++5kH\njCjmstdniWOP5YaWCgFiK4/wQ//2CuM4iveEpAXNObHm2K1dNu2fOE9rf3U+Ip7B\nFX092hEVWYxKaysgxhiVY0G/ius7YV01rdesTjBQmEgnHuoqUqs6juanKFUpvSLP\nY52YyeP1gNloCsRmqygfp1Q1EhPTKa63gVhATmA/6QvqnQvYu6kyTSAx0KAJ9RCZ\nn6f9F+3gFVg1/HWZo9dfLs3yTq83hAXVrFrXyKRODYnyO7LuHoFXCYUf3H/GMYlk\nDGRuF/IiwD/66fo/akJXdMKoaSiUhCXt0zXLS3tuaO31K8HIR4+iUb07qjXt/1fh\nWfgnEbjY+CS2QA3txTyXW0cDEHGFPlbsbUWhmRVa2Kb5Ojg401omviaivV0trcdo\n9+BIiZLm+dkD9XxZOGChEFkCAwEAAQ==\n-----END PUBLIC KEY-----\n",
            "rsa_bits": 4096
          },
          "private": "bnVsbA=="
        }
      ]
    }
  ]
}
